
Microsoft Visual Studio Solution File, Format Version 12.00
# Visual Studio Version 17
VisualStudioVersion = 17.10.35122.118
MinimumVisualStudioVersion = 10.0.40219.1
Project("{FAE04EC0-301F-11D3-BF4B-00C04F79EFBC}") = "KeyPressSimulator", "KeyPressSimulator\KeyPressSimulator.csproj", "{4CC7182D-25BD-42FA-BB37-4E2721506072}"
EndProject
Global
	GlobalSection(SolutionConfigurationPlatforms) = preSolution
		Debug|Any CPU = Debug|Any CPU
		Release|Any CPU = Release|Any CPU
	EndGlobalSection
	GlobalSection(ProjectConfigurationPlatforms) = postSolution
		{4CC7182D-25BD-42FA-BB37-4E2721506072}.Debug|Any CPU.ActiveCfg = Debug|Any CPU
		{4CC7182D-25BD-42FA-BB37-4E2721506072}.Debug|Any CPU.Build.0 = Debug|Any CPU
		{4CC7182D-25BD-42FA-BB37-4E2721506072}.Release|Any CPU.ActiveCfg = Release|Any CPU
		{4CC7182D-25BD-42FA-BB37-4E2721506072}.Release|Any CPU.Build.0 = Release|Any CPU
	EndGlobalSection
	GlobalSection(SolutionProperties) = preSolution
		HideSolutionNode = FALSE
	EndGlobalSection
	GlobalSection(ExtensibilityGlobals) = postSolution
		SolutionGuid = {05EED8EA-B7E0-4750-BF02-5FB74326AC59}
	EndGlobalSection
EndGlobal
